
Microsoft Visual Studio Solution File, Format Version 12.00
# Visual Studio 15
VisualStudioVersion = 15.0.27130.2036
MinimumVisualStudioVersion = 10.0.40219.1
Project("{9A19103F-16F7-4668-BE54-9A1E7A4F7556}") = "StoryLib", "StoryLib\StoryLib.csproj", "{0C20FEE1-D631-4EA8-BD19-30EA9C2ACE9D}"
EndProject
Project("{FAE04EC0-301F-11D3-BF4B-00C04F79EFBC}") = "SampleProject", "SampleProject\SampleProject.csproj", "{52E440F7-7D34-40E8-A7C0-C1B5408E280E}"
EndProject
Global
	GlobalSection(SolutionConfigurationPlatforms) = preSolution
		Debug|Any CPU = Debug|Any CPU
		Release|Any CPU = Release|Any CPU
	EndGlobalSection
	GlobalSection(ProjectConfigurationPlatforms) = postSolution
		{0C20FEE1-D631-4EA8-BD19-30EA9C2ACE9D}.Debug|Any CPU.ActiveCfg = Debug|Any CPU
		{0C20FEE1-D631-4EA8-BD19-30EA9C2ACE9D}.Debug|Any CPU.Build.0 = Debug|Any CPU
		{0C20FEE1-D631-4EA8-BD19-30EA9C2ACE9D}.Release|Any CPU.ActiveCfg = Release|Any CPU
		{0C20FEE1-D631-4EA8-BD19-30EA9C2ACE9D}.Release|Any CPU.Build.0 = Release|Any CPU
		{52E440F7-7D34-40E8-A7C0-C1B5408E280E}.Debug|Any CPU.ActiveCfg = Debug|Any CPU
		{52E440F7-7D34-40E8-A7C0-C1B5408E280E}.Debug|Any CPU.Build.0 = Debug|Any CPU
		{52E440F7-7D34-40E8-A7C0-C1B5408E280E}.Release|Any CPU.ActiveCfg = Release|Any CPU
		{52E440F7-7D34-40E8-A7C0-C1B5408E280E}.Release|Any CPU.Build.0 = Release|Any CPU
	EndGlobalSection
	GlobalSection(SolutionProperties) = preSolution
		HideSolutionNode = FALSE
	EndGlobalSection
	GlobalSection(ExtensibilityGlobals) = postSolution
		SolutionGuid = {AC6DED41-C8A8-4AFB-BF29-FB1E213EB5D1}
	EndGlobalSection
EndGlobal
